
Microsoft Visual Studio Solution File, Format Version 12.00
# Visual Studio 14
VisualStudioVersion = 14.0.25420.1
MinimumVisualStudioVersion = 10.0.40219.1
Project("{FAE04EC0-301F-11D3-BF4B-00C04F79EFBC}") = "T16_BootstrapIcons", "T16_BootstrapIcons\T16_BootstrapIcons.csproj", "{A09CB356-73A9-4AB6-A246-650CFE711EF5}"
EndProject
Global
	GlobalSection(SolutionConfigurationPlatforms) = preSolution
		Debug|Any CPU = Debug|Any CPU
		Release|Any CPU = Release|Any CPU
	EndGlobalSection
	GlobalSection(ProjectConfigurationPlatforms) = postSolution
		{A09CB356-73A9-4AB6-A246-650CFE711EF5}.Debug|Any CPU.ActiveCfg = Debug|Any CPU
		{A09CB356-73A9-4AB6-A246-650CFE711EF5}.Debug|Any CPU.Build.0 = Debug|Any CPU
		{A09CB356-73A9-4AB6-A246-650CFE711EF5}.Release|Any CPU.ActiveCfg = Release|Any CPU
		{A09CB356-73A9-4AB6-A246-650CFE711EF5}.Release|Any CPU.Build.0 = Release|Any CPU
	EndGlobalSection
	GlobalSection(SolutionProperties) = preSolution
		HideSolutionNode = FALSE
	EndGlobalSection
EndGlobal
